dependencies:
- name: unrelated-mcp-gateway-operator
  repository: file://../unrelated-mcp-gateway-operator
  version: 0.2.1
- name: unrelated-mcp-gateway
  repository: file://../unrelated-mcp-gateway
  version: 0.2.1
- name: unrelated-mcp-gateway-ui
  repository: file://../unrelated-mcp-gateway-ui
  version: 0.2.0
- name: unrelated-mcp-postgres
  repository: file://../unrelated-mcp-postgres
  version: 0.2.0
- name: unrelated-mcp-gateway-managed-fixtures
  repository: file://../unrelated-mcp-gateway-managed-fixtures
  version: 0.2.1
digest: sha256:060de55f678ee9e9230a0d4580e5cbb8029e01f520e06f02ebfd66969544ef43
generated: "2026-04-01T04:45:04.26872146+04:00"
